# This file was autogenerated by Stack.
# You should not edit this file by hand.
# For more information, please see the documentation at:
#   https://docs.haskellstack.org/en/stable/lock_files

packages:
- completed:
    name: websockets
    version: 0.13.0.0
    git: https://github.com/codedownio/websockets
    pantry-tree:
      size: 4459
      sha256: abd52c0c6f51973d8f8c56d7f84d522c747ac154a4a480026e0c018eea328ba3
    commit: d38f75d573e0b3096472984abaf513a513fb1605
  original:
    git: https://github.com/codedownio/websockets
    commit: d38f75d573e0b3096472984abaf513a513fb1605
snapshots:
- completed:
    size: 634925
    url: https://raw.githubusercontent.com/commercialhaskell/stackage-snapshots/master/nightly/2022/2/7.yaml
    sha256: eccf3b87cf7521eb8e7704c2efbb579d2074a0a76c7b961e0f07b98b3079ada5
  original: nightly-2022-02-07
