# This file was autogenerated by Stack.
# You should not edit this file by hand.
# For more information, please see the documentation at:
#   https://docs.haskellstack.org/en/stable/lock_files

packages:
- completed:
    name: websockets
    version: 0.12.7.3
    git: https://github.com/codedownio/websockets
    pantry-tree:
      size: 4412
      sha256: 105b19d3b6f3a9c6dd46bca926e72c2247ff14d775fa6cfcc112825970a80c24
    commit: 62a23e981f1f231b00eed0584547ecbaeb252894
  original:
    git: https://github.com/codedownio/websockets
    commit: 62a23e981f1f231b00eed0584547ecbaeb252894
snapshots:
- completed:
    size: 634925
    url: https://raw.githubusercontent.com/commercialhaskell/stackage-snapshots/master/nightly/2022/2/7.yaml
    sha256: eccf3b87cf7521eb8e7704c2efbb579d2074a0a76c7b961e0f07b98b3079ada5
  original: nightly-2022-02-07
